
Microsoft Visual Studio Solution File, Format Version 12.00
# Visual Studio Version 17
VisualStudioVersion = 17.9.34701.34
MinimumVisualStudioVersion = 10.0.40219.1
Project("{FAE04EC0-301F-11D3-BF4B-00C04F79EFBC}") = "IceCreamMAUI", "IceCreamMAUI\IceCreamMAUI.csproj", "{DC9AC3E3-533C-4EFC-BD2B-F5F6AB84CC0A}"
EndProject
Project("{FAE04EC0-301F-11D3-BF4B-00C04F79EFBC}") = "IceCreamMAUI.Api", "IceCreamMAUI.Api\IceCreamMAUI.Api.csproj", "{58A608C6-2C91-4ABD-96AF-9C39901B80DF}"
EndProject
Project("{FAE04EC0-301F-11D3-BF4B-00C04F79EFBC}") = "IceCreamMAUI.Shared", "IceCreamMAUI.Shared\IceCreamMAUI.Shared.csproj", "{9106B93E-1832-41B5-8A3F-7330C40D09F0}"
EndProject
Global
	GlobalSection(SolutionConfigurationPlatforms) = preSolution
		Debug|Any CPU = Debug|Any CPU
		Release|Any CPU = Release|Any CPU
	EndGlobalSection
	GlobalSection(ProjectConfigurationPlatforms) = postSolution
		{DC9AC3E3-533C-4EFC-BD2B-F5F6AB84CC0A}.Debug|Any CPU.ActiveCfg = Debug|Any CPU
		{DC9AC3E3-533C-4EFC-BD2B-F5F6AB84CC0A}.Debug|Any CPU.Build.0 = Debug|Any CPU
		{DC9AC3E3-533C-4EFC-BD2B-F5F6AB84CC0A}.Debug|Any CPU.Deploy.0 = Debug|Any CPU
		{DC9AC3E3-533C-4EFC-BD2B-F5F6AB84CC0A}.Release|Any CPU.ActiveCfg = Release|Any CPU
		{DC9AC3E3-533C-4EFC-BD2B-F5F6AB84CC0A}.Release|Any CPU.Build.0 = Release|Any CPU
		{DC9AC3E3-533C-4EFC-BD2B-F5F6AB84CC0A}.Release|Any CPU.Deploy.0 = Release|Any CPU
		{58A608C6-2C91-4ABD-96AF-9C39901B80DF}.Debug|Any CPU.ActiveCfg = Debug|Any CPU
		{58A608C6-2C91-4ABD-96AF-9C39901B80DF}.Debug|Any CPU.Build.0 = Debug|Any CPU
		{58A608C6-2C91-4ABD-96AF-9C39901B80DF}.Release|Any CPU.ActiveCfg = Release|Any CPU
		{58A608C6-2C91-4ABD-96AF-9C39901B80DF}.Release|Any CPU.Build.0 = Release|Any CPU
		{9106B93E-1832-41B5-8A3F-7330C40D09F0}.Debug|Any CPU.ActiveCfg = Debug|Any CPU
		{9106B93E-1832-41B5-8A3F-7330C40D09F0}.Debug|Any CPU.Build.0 = Debug|Any CPU
		{9106B93E-1832-41B5-8A3F-7330C40D09F0}.Release|Any CPU.ActiveCfg = Release|Any CPU
		{9106B93E-1832-41B5-8A3F-7330C40D09F0}.Release|Any CPU.Build.0 = Release|Any CPU
	EndGlobalSection
	GlobalSection(SolutionProperties) = preSolution
		HideSolutionNode = FALSE
	EndGlobalSection
	GlobalSection(ExtensibilityGlobals) = postSolution
		SolutionGuid = {EE3A448B-65F6-4056-90C3-C4C7441949EE}
	EndGlobalSection
EndGlobal
